Microsoft Visual Studio Solution File, Format Version 12.00
# Visual Studio 2012
Project("{FAE04EC0-301F-11D3-BF4B-00C04F79EFBC}") = "wilds-godot-test1", "wilds-godot-test1.csproj", "{FFF48E88-D8AD-4323-A3F5-62C0B2EA5535}"
EndProject
Global
	GlobalSection(SolutionConfigurationPlatforms) = preSolution
	Debug|Any CPU = Debug|Any CPU
	ExportDebug|Any CPU = ExportDebug|Any CPU
	ExportRelease|Any CPU = ExportRelease|Any CPU
	EndGlobalSection
	GlobalSection(ProjectConfigurationPlatforms) = postSolution
		{FFF48E88-D8AD-4323-A3F5-62C0B2EA5535}.Debug|Any CPU.ActiveCfg = Debug|Any CPU
		{FFF48E88-D8AD-4323-A3F5-62C0B2EA5535}.Debug|Any CPU.Build.0 = Debug|Any CPU
		{FFF48E88-D8AD-4323-A3F5-62C0B2EA5535}.ExportDebug|Any CPU.ActiveCfg = ExportDebug|Any CPU
		{FFF48E88-D8AD-4323-A3F5-62C0B2EA5535}.ExportDebug|Any CPU.Build.0 = ExportDebug|Any CPU
		{FFF48E88-D8AD-4323-A3F5-62C0B2EA5535}.ExportRelease|Any CPU.ActiveCfg = ExportRelease|Any CPU
		{FFF48E88-D8AD-4323-A3F5-62C0B2EA5535}.ExportRelease|Any CPU.Build.0 = ExportRelease|Any CPU
	EndGlobalSection
EndGlobal
